Microsoft Visual Studio Solution File, Format Version 12.00
# Visual Studio Version 17
VisualStudioVersion = 17.5.2.0
MinimumVisualStudioVersion = 10.0.40219.1
Project("{FAE04EC0-301F-11D3-BF4B-00C04F79EFBC}") = "VurduGololdu.API", "VurduGololdu.API\VurduGololdu.API.csproj", "{1873BC8F-4C29-9855-75FF-F9F4CE5E078E}"
EndProject
Global
	GlobalSection(SolutionConfigurationPlatforms) = preSolution
		Debug|Any CPU = Debug|Any CPU
		Release|Any CPU = Release|Any CPU
	EndGlobalSection
	GlobalSection(ProjectConfigurationPlatforms) = postSolution
		{1873BC8F-4C29-9855-75FF-F9F4CE5E078E}.Debug|Any CPU.ActiveCfg = Debug|Any CPU
		{1873BC8F-4C29-9855-75FF-F9F4CE5E078E}.Debug|Any CPU.Build.0 = Debug|Any CPU
		{1873BC8F-4C29-9855-75FF-F9F4CE5E078E}.Release|Any CPU.ActiveCfg = Release|Any CPU
		{1873BC8F-4C29-9855-75FF-F9F4CE5E078E}.Release|Any CPU.Build.0 = Release|Any CPU
	EndGlobalSection
	GlobalSection(SolutionProperties) = preSolution
		HideSolutionNode = FALSE
	EndGlobalSection
	GlobalSection(ExtensibilityGlobals) = postSolution
		SolutionGuid = {342C889A-9E80-4B88-AEDE-743A4C86CA13}
	EndGlobalSection
EndGlobal
